
Microsoft Visual Studio Solution File, Format Version 12.00
# Visual Studio Version 17
VisualStudioVersion = 17.11.35312.102
MinimumVisualStudioVersion = 10.0.40219.1
Project("{FAE04EC0-301F-11D3-BF4B-00C04F79EFBC}") = "BanLaptop_DoAn", "BanLaptop_DoAn\BanLaptop_DoAn.csproj", "{B9EAB765-BB20-445C-ADD9-C2D6D671BF38}"
EndProject
Global
	GlobalSection(SolutionConfigurationPlatforms) = preSolution
		Debug|Any CPU = Debug|Any CPU
		Release|Any CPU = Release|Any CPU
	EndGlobalSection
	GlobalSection(ProjectConfigurationPlatforms) = postSolution
		{B9EAB765-BB20-445C-ADD9-C2D6D671BF38}.Debug|Any CPU.ActiveCfg = Debug|Any CPU
		{B9EAB765-BB20-445C-ADD9-C2D6D671BF38}.Debug|Any CPU.Build.0 = Debug|Any CPU
		{B9EAB765-BB20-445C-ADD9-C2D6D671BF38}.Release|Any CPU.ActiveCfg = Release|Any CPU
		{B9EAB765-BB20-445C-ADD9-C2D6D671BF38}.Release|Any CPU.Build.0 = Release|Any CPU
	EndGlobalSection
	GlobalSection(SolutionProperties) = preSolution
		HideSolutionNode = FALSE
	EndGlobalSection
	GlobalSection(ExtensibilityGlobals) = postSolution
		SolutionGuid = {A8292618-1150-4BA0-9341-F7B6B54BBAE8}
	EndGlobalSection
EndGlobal
